
Microsoft Visual Studio Solution File, Format Version 12.00
# Visual Studio Version 17
VisualStudioVersion = 17.5.33502.453
MinimumVisualStudioVersion = 10.0.40219.1
Project("{FAE04EC0-301F-11D3-BF4B-00C04F79EFBC}") = "Dynamer Windows", "Dynamer Windows\Dynamer Windows.csproj", "{02F03688-B84A-4183-8F64-A4E29AC7BF4A}"
EndProject
Global
	GlobalSection(SolutionConfigurationPlatforms) = preSolution
		Debug|Any CPU = Debug|Any CPU
		Release|Any CPU = Release|Any CPU
	EndGlobalSection
	GlobalSection(ProjectConfigurationPlatforms) = postSolution
		{02F03688-B84A-4183-8F64-A4E29AC7BF4A}.Debug|Any CPU.ActiveCfg = Debug|Any CPU
		{02F03688-B84A-4183-8F64-A4E29AC7BF4A}.Debug|Any CPU.Build.0 = Debug|Any CPU
		{02F03688-B84A-4183-8F64-A4E29AC7BF4A}.Release|Any CPU.ActiveCfg = Release|Any CPU
		{02F03688-B84A-4183-8F64-A4E29AC7BF4A}.Release|Any CPU.Build.0 = Release|Any CPU
	EndGlobalSection
	GlobalSection(SolutionProperties) = preSolution
		HideSolutionNode = FALSE
	EndGlobalSection
	GlobalSection(ExtensibilityGlobals) = postSolution
		SolutionGuid = {B564B5F5-400D-4313-9738-5A7B91445823}
	EndGlobalSection
EndGlobal
